# This file was autogenerated by Stack.
# You should not edit this file by hand.
# For more information, please see the documentation at:
#   https://docs.haskellstack.org/en/stable/lock_files

packages:
- completed:
    hackage: clock-0.7.2@sha256:c5c2514aead260101c7528d10bf0f41d9d1d7b919136e2dff77a57ec16740bd2,3820
    pantry-tree:
      size: 387
      sha256: 53ac32a3a03f5bf9409617970725a09f0d249ff212c90b18050d4ade51c03f4d
  original:
    hackage: clock-0.7.2
- completed:
    hackage: megaparsec-8.0.0@sha256:362f85e243ecbcb550e1de6e5c74ba5a50c09edaa1208c99bc5b9fd242227fc6,3808
    pantry-tree:
      size: 1446
      sha256: 955117c00a86970f2d0c215f33cf5293b16589c04678a0a790c03368ab6fd0aa
  original:
    hackage: megaparsec-8.0.0
snapshots:
- completed:
    size: 565715
    url: https://raw.githubusercontent.com/commercialhaskell/stackage-snapshots/master/lts/17/7.yaml
    sha256: 1b5e4124989399e60e7a7901f0cefd910beea546131fb07a13a7208c4cc8b7ee
  original: lts-17.7
